
Microsoft Visual Studio Solution File, Format Version 12.00
# Visual Studio Version 17
VisualStudioVersion = 17.11.35327.3
MinimumVisualStudioVersion = 10.0.40219.1
Project("{FAE04EC0-301F-11D3-BF4B-00C04F79EFBC}") = "2 Controller and Action Methods", "2 Controller\2 Controller and Action Methods.csproj", "{C5F5D5FB-DCE3-4162-93D3-BC4DCA446528}"
EndProject
Global
	GlobalSection(SolutionConfigurationPlatforms) = preSolution
		Debug|Any CPU = Debug|Any CPU
		Release|Any CPU = Release|Any CPU
	EndGlobalSection
	GlobalSection(ProjectConfigurationPlatforms) = postSolution
		{C5F5D5FB-DCE3-4162-93D3-BC4DCA446528}.Debug|Any CPU.ActiveCfg = Debug|Any CPU
		{C5F5D5FB-DCE3-4162-93D3-BC4DCA446528}.Debug|Any CPU.Build.0 = Debug|Any CPU
		{C5F5D5FB-DCE3-4162-93D3-BC4DCA446528}.Release|Any CPU.ActiveCfg = Release|Any CPU
		{C5F5D5FB-DCE3-4162-93D3-BC4DCA446528}.Release|Any CPU.Build.0 = Release|Any CPU
	EndGlobalSection
	GlobalSection(SolutionProperties) = preSolution
		HideSolutionNode = FALSE
	EndGlobalSection
	GlobalSection(ExtensibilityGlobals) = postSolution
		SolutionGuid = {699C8FD6-316E-40EE-97FE-19EE8C1C8955}
	EndGlobalSection
EndGlobal
