
Microsoft Visual Studio Solution File, Format Version 12.00
# Visual Studio Version 17
VisualStudioVersion = 17.11.35431.28
MinimumVisualStudioVersion = 10.0.40219.1
Project("{FAE04EC0-301F-11D3-BF4B-00C04F79EFBC}") = "9 EF Model First Approach", "9 EF Model First Approach\9 EF Model First Approach.csproj", "{CB3E1D5A-873B-4C89-BDB9-98941E2B36E6}"
EndProject
Global
	GlobalSection(SolutionConfigurationPlatforms) = preSolution
		Debug|Any CPU = Debug|Any CPU
		Release|Any CPU = Release|Any CPU
	EndGlobalSection
	GlobalSection(ProjectConfigurationPlatforms) = postSolution
		{CB3E1D5A-873B-4C89-BDB9-98941E2B36E6}.Debug|Any CPU.ActiveCfg = Debug|Any CPU
		{CB3E1D5A-873B-4C89-BDB9-98941E2B36E6}.Debug|Any CPU.Build.0 = Debug|Any CPU
		{CB3E1D5A-873B-4C89-BDB9-98941E2B36E6}.Release|Any CPU.ActiveCfg = Release|Any CPU
		{CB3E1D5A-873B-4C89-BDB9-98941E2B36E6}.Release|Any CPU.Build.0 = Release|Any CPU
	EndGlobalSection
	GlobalSection(SolutionProperties) = preSolution
		HideSolutionNode = FALSE
	EndGlobalSection
	GlobalSection(ExtensibilityGlobals) = postSolution
		SolutionGuid = {1FE9D2DF-739A-499B-B828-2D86B03C04B0}
	EndGlobalSection
EndGlobal
