
Microsoft Visual Studio Solution File, Format Version 12.00
# Visual Studio Version 17
VisualStudioVersion = 17.11.35431.28
MinimumVisualStudioVersion = 10.0.40219.1
Project("{FAE04EC0-301F-11D3-BF4B-00C04F79EFBC}") = "10 Login Form using Session and EF", "10 Login Form using Session and EF\10 Login Form using Session and EF.csproj", "{BA55B612-5F4B-4154-AD41-E626A4510C7C}"
EndProject
Global
	GlobalSection(SolutionConfigurationPlatforms) = preSolution
		Debug|Any CPU = Debug|Any CPU
		Release|Any CPU = Release|Any CPU
	EndGlobalSection
	GlobalSection(ProjectConfigurationPlatforms) = postSolution
		{BA55B612-5F4B-4154-AD41-E626A4510C7C}.Debug|Any CPU.ActiveCfg = Debug|Any CPU
		{BA55B612-5F4B-4154-AD41-E626A4510C7C}.Debug|Any CPU.Build.0 = Debug|Any CPU
		{BA55B612-5F4B-4154-AD41-E626A4510C7C}.Release|Any CPU.ActiveCfg = Release|Any CPU
		{BA55B612-5F4B-4154-AD41-E626A4510C7C}.Release|Any CPU.Build.0 = Release|Any CPU
	EndGlobalSection
	GlobalSection(SolutionProperties) = preSolution
		HideSolutionNode = FALSE
	EndGlobalSection
	GlobalSection(ExtensibilityGlobals) = postSolution
		SolutionGuid = {CFD98941-0977-40BB-A77C-0E1066427F36}
	EndGlobalSection
EndGlobal
