
Microsoft Visual Studio Solution File, Format Version 12.00
# Visual Studio Version 17
VisualStudioVersion = 17.11.35431.28
MinimumVisualStudioVersion = 10.0.40219.1
Project("{FAE04EC0-301F-11D3-BF4B-00C04F79EFBC}") = "19 Filters", "19 Filters\19 Filters.csproj", "{FEAB7B9C-270C-4B72-99D2-9F8564F1F833}"
EndProject
Global
	GlobalSection(SolutionConfigurationPlatforms) = preSolution
		Debug|Any CPU = Debug|Any CPU
		Release|Any CPU = Release|Any CPU
	EndGlobalSection
	GlobalSection(ProjectConfigurationPlatforms) = postSolution
		{FEAB7B9C-270C-4B72-99D2-9F8564F1F833}.Debug|Any CPU.ActiveCfg = Debug|Any CPU
		{FEAB7B9C-270C-4B72-99D2-9F8564F1F833}.Debug|Any CPU.Build.0 = Debug|Any CPU
		{FEAB7B9C-270C-4B72-99D2-9F8564F1F833}.Release|Any CPU.ActiveCfg = Release|Any CPU
		{FEAB7B9C-270C-4B72-99D2-9F8564F1F833}.Release|Any CPU.Build.0 = Release|Any CPU
	EndGlobalSection
	GlobalSection(SolutionProperties) = preSolution
		HideSolutionNode = FALSE
	EndGlobalSection
	GlobalSection(ExtensibilityGlobals) = postSolution
		SolutionGuid = {CAF9744B-3215-4187-A153-829CB9E2C480}
	EndGlobalSection
EndGlobal
